
Microsoft Visual Studio Solution File, Format Version 12.00
# Visual Studio Version 17
VisualStudioVersion = 17.4.33213.308
MinimumVisualStudioVersion = 10.0.40219.1
Project("{8BC9CEB8-8B4A-11D0-8D11-00A0C91BC942}") = "cpp_SetUpVisualStudio_Project_1", "cpp_SetUpVisualStudio_Project_1\cpp_SetUpVisualStudio_Project_1.vcxproj", "{BCC1C2CF-C8C0-4D67-800B-3B5F4A3690AE}"
EndProject
Project("{8BC9CEB8-8B4A-11D0-8D11-00A0C91BC942}") = "cpp_SetUpVisualStudio_Project_2", "cpp_SetUpVisualStudio_Project_2\cpp_SetUpVisualStudio_Project_2.vcxproj", "{826BC430-3682-464C-9D93-486DA1D3D7A4}"
EndProject
Global
	GlobalSection(SolutionConfigurationPlatforms) = preSolution
		Debug|x64 = Debug|x64
		Debug|x86 = Debug|x86
		Release|x64 = Release|x64
		Release|x86 = Release|x86
	EndGlobalSection
	GlobalSection(ProjectConfigurationPlatforms) = postSolution
		{BCC1C2CF-C8C0-4D67-800B-3B5F4A3690AE}.Debug|x64.ActiveCfg = Debug|x64
		{BCC1C2CF-C8C0-4D67-800B-3B5F4A3690AE}.Debug|x64.Build.0 = Debug|x64
		{BCC1C2CF-C8C0-4D67-800B-3B5F4A3690AE}.Debug|x86.ActiveCfg = Debug|Win32
		{BCC1C2CF-C8C0-4D67-800B-3B5F4A3690AE}.Debug|x86.Build.0 = Debug|Win32
		{BCC1C2CF-C8C0-4D67-800B-3B5F4A3690AE}.Release|x64.ActiveCfg = Release|x64
		{BCC1C2CF-C8C0-4D67-800B-3B5F4A3690AE}.Release|x64.Build.0 = Release|x64
		{BCC1C2CF-C8C0-4D67-800B-3B5F4A3690AE}.Release|x86.ActiveCfg = Release|Win32
		{BCC1C2CF-C8C0-4D67-800B-3B5F4A3690AE}.Release|x86.Build.0 = Release|Win32
		{826BC430-3682-464C-9D93-486DA1D3D7A4}.Debug|x64.ActiveCfg = Debug|x64
		{826BC430-3682-464C-9D93-486DA1D3D7A4}.Debug|x64.Build.0 = Debug|x64
		{826BC430-3682-464C-9D93-486DA1D3D7A4}.Debug|x86.ActiveCfg = Debug|Win32
		{826BC430-3682-464C-9D93-486DA1D3D7A4}.Debug|x86.Build.0 = Debug|Win32
		{826BC430-3682-464C-9D93-486DA1D3D7A4}.Release|x64.ActiveCfg = Release|x64
		{826BC430-3682-464C-9D93-486DA1D3D7A4}.Release|x64.Build.0 = Release|x64
		{826BC430-3682-464C-9D93-486DA1D3D7A4}.Release|x86.ActiveCfg = Release|Win32
		{826BC430-3682-464C-9D93-486DA1D3D7A4}.Release|x86.Build.0 = Release|Win32
	EndGlobalSection
	GlobalSection(SolutionProperties) = preSolution
		HideSolutionNode = FALSE
	EndGlobalSection
	GlobalSection(ExtensibilityGlobals) = postSolution
		SolutionGuid = {F27A6DF7-A540-471C-9570-BA4C5641F525}
	EndGlobalSection
EndGlobal
